
Microsoft Visual Studio Solution File, Format Version 12.00
# Visual Studio Version 17
VisualStudioVersion = 17.5.002.0
MinimumVisualStudioVersion = 10.0.40219.1
Project("{FAE04EC0-301F-11D3-BF4B-00C04F79EFBC}") = "Tests", "Tests\Tests.csproj", "{D523FBFD-4760-4E56-9DF9-5FF73FA08B71}"
EndProject
Project("{FAE04EC0-301F-11D3-BF4B-00C04F79EFBC}") = "TheEmployeeAPI", "TheEmployeeAPI\TheEmployeeAPI.csproj", "{4A654D20-A303-4FCD-B347-BEB5AAF955D1}"
EndProject
Global
	GlobalSection(SolutionConfigurationPlatforms) = preSolution
		Debug|Any CPU = Debug|Any CPU
		Release|Any CPU = Release|Any CPU
	EndGlobalSection
	GlobalSection(ProjectConfigurationPlatforms) = postSolution
		{D523FBFD-4760-4E56-9DF9-5FF73FA08B71}.Debug|Any CPU.ActiveCfg = Debug|Any CPU
		{D523FBFD-4760-4E56-9DF9-5FF73FA08B71}.Debug|Any CPU.Build.0 = Debug|Any CPU
		{D523FBFD-4760-4E56-9DF9-5FF73FA08B71}.Release|Any CPU.ActiveCfg = Release|Any CPU
		{D523FBFD-4760-4E56-9DF9-5FF73FA08B71}.Release|Any CPU.Build.0 = Release|Any CPU
		{4A654D20-A303-4FCD-B347-BEB5AAF955D1}.Debug|Any CPU.ActiveCfg = Debug|Any CPU
		{4A654D20-A303-4FCD-B347-BEB5AAF955D1}.Debug|Any CPU.Build.0 = Debug|Any CPU
		{4A654D20-A303-4FCD-B347-BEB5AAF955D1}.Release|Any CPU.ActiveCfg = Release|Any CPU
		{4A654D20-A303-4FCD-B347-BEB5AAF955D1}.Release|Any CPU.Build.0 = Release|Any CPU
	EndGlobalSection
	GlobalSection(SolutionProperties) = preSolution
		HideSolutionNode = FALSE
	EndGlobalSection
	GlobalSection(ExtensibilityGlobals) = postSolution
		SolutionGuid = {5D9C3942-7CB6-44A4-B2B7-4B891EB7057F}
	EndGlobalSection
EndGlobal
